
Microsoft Visual Studio Solution File, Format Version 12.00
# Visual Studio Version 17
VisualStudioVersion = 17.0.31919.166
MinimumVisualStudioVersion = 10.0.40219.1
Project("{FAE04EC0-301F-11D3-BF4B-00C04F79EFBC}") = "Vidzy", "Vidzy\Vidzy.csproj", "{BD7AC399-4D27-4846-BD91-26B96CAE8B52}"
EndProject
Global
	GlobalSection(SolutionConfigurationPlatforms) = preSolution
		Debug|Any CPU = Debug|Any CPU
		Release|Any CPU = Release|Any CPU
	EndGlobalSection
	GlobalSection(ProjectConfigurationPlatforms) = postSolution
		{BD7AC399-4D27-4846-BD91-26B96CAE8B52}.Debug|Any CPU.ActiveCfg = Debug|Any CPU
		{BD7AC399-4D27-4846-BD91-26B96CAE8B52}.Debug|Any CPU.Build.0 = Debug|Any CPU
		{BD7AC399-4D27-4846-BD91-26B96CAE8B52}.Release|Any CPU.ActiveCfg = Release|Any CPU
		{BD7AC399-4D27-4846-BD91-26B96CAE8B52}.Release|Any CPU.Build.0 = Release|Any CPU
	EndGlobalSection
	GlobalSection(SolutionProperties) = preSolution
		HideSolutionNode = FALSE
	EndGlobalSection
	GlobalSection(ExtensibilityGlobals) = postSolution
		SolutionGuid = {BFB13088-41B5-4E57-93E2-F4ADEB435166}
	EndGlobalSection
EndGlobal
