
Microsoft Visual Studio Solution File, Format Version 12.00
# Visual Studio Version 17
VisualStudioVersion = 17.0.31919.166
MinimumVisualStudioVersion = 10.0.40219.1
Project("{FAE04EC0-301F-11D3-BF4B-00C04F79EFBC}") = "File", "File\File.csproj", "{1CB1C25E-20B8-457E-A8B6-7B5B6CB12F90}"
EndProject
Global
	GlobalSection(SolutionConfigurationPlatforms) = preSolution
		Debug|Any CPU = Debug|Any CPU
		Release|Any CPU = Release|Any CPU
	EndGlobalSection
	GlobalSection(ProjectConfigurationPlatforms) = postSolution
		{1CB1C25E-20B8-457E-A8B6-7B5B6CB12F90}.Debug|Any CPU.ActiveCfg = Debug|Any CPU
		{1CB1C25E-20B8-457E-A8B6-7B5B6CB12F90}.Debug|Any CPU.Build.0 = Debug|Any CPU
		{1CB1C25E-20B8-457E-A8B6-7B5B6CB12F90}.Release|Any CPU.ActiveCfg = Release|Any CPU
		{1CB1C25E-20B8-457E-A8B6-7B5B6CB12F90}.Release|Any CPU.Build.0 = Release|Any CPU
	EndGlobalSection
	GlobalSection(SolutionProperties) = preSolution
		HideSolutionNode = FALSE
	EndGlobalSection
	GlobalSection(ExtensibilityGlobals) = postSolution
		SolutionGuid = {E65CE175-9E27-4769-BD7C-DBBF8FC8B1B3}
	EndGlobalSection
EndGlobal
